
Microsoft Visual Studio Solution File, Format Version 12.00
# Visual Studio Version 17
VisualStudioVersion = 17.11.35222.181
MinimumVisualStudioVersion = 10.0.40219.1
Project("{FAE04EC0-301F-11D3-BF4B-00C04F79EFBC}") = "PhungTrongHung_2280601321", "PhungTrongHung_2280601321.csproj", "{D576201B-F42E-4482-B296-52EB1283F104}"
EndProject
Global
	GlobalSection(SolutionConfigurationPlatforms) = preSolution
		Debug|Any CPU = Debug|Any CPU
		Release|Any CPU = Release|Any CPU
	EndGlobalSection
	GlobalSection(ProjectConfigurationPlatforms) = postSolution
		{D576201B-F42E-4482-B296-52EB1283F104}.Debug|Any CPU.ActiveCfg = Debug|Any CPU
		{D576201B-F42E-4482-B296-52EB1283F104}.Debug|Any CPU.Build.0 = Debug|Any CPU
		{D576201B-F42E-4482-B296-52EB1283F104}.Release|Any CPU.ActiveCfg = Release|Any CPU
		{D576201B-F42E-4482-B296-52EB1283F104}.Release|Any CPU.Build.0 = Release|Any CPU
	EndGlobalSection
	GlobalSection(SolutionProperties) = preSolution
		HideSolutionNode = FALSE
	EndGlobalSection
	GlobalSection(ExtensibilityGlobals) = postSolution
		SolutionGuid = {36C9574A-537B-468F-8DF8-C38E7F4CF605}
	EndGlobalSection
EndGlobal
